<?xml version="1.0" encoding="utf-8"?>
<Project ToolsVersion="4.0" xmlns="http://schemas.microsoft.com/developer/msbuild/2003">
  <ItemGroup>
    <Filter Include="源文件">
      <UniqueIdentifier>{4FC737F1-C7A5-4376-A066-2A32D752A2FF}</UniqueIdentifier>
      <Extensions>cpp;c;cc;cxx;def;odl;idl;hpj;bat;asm;asmx</Extensions>
    </Filter>
    <Filter Include="头文件">
      <UniqueIdentifier>{93995380-89BD-4b04-88EB-625FBE52EBFB}</UniqueIdentifier>
      <Extensions>h;hpp;hxx;hm;inl;inc;xsd</Extensions>
    </Filter>
    <Filter Include="资源文件">
      <UniqueIdentifier>{67DA6AB6-F800-4c08-8B7A-83BB121AAD01}</UniqueIdentifier>
      <Extensions>rc;ico;cur;bmp;dlg;rc2;rct;bin;rgs;gif;jpg;jpeg;jpe;resx;tiff;tif;png;wav;mfcribbon-ms</Extensions>
    </Filter>
  </ItemGroup>
  <ItemGroup>
    <None Include="UserImages.bmp">
      <Filter>资源文件</Filter>
    </None>
    <None Include="res\NetworkGroups.rc2">
      <Filter>资源文件</Filter>
    </None>
    <None Include="res\NetworkGroupsDoc.ico">
      <Filter>资源文件</Filter>
    </None>
    <None Include="res\NetworkGroups.ico">
      <Filter>资源文件</Filter>
    </None>
    <None Include="res\Toolbar.bmp">
      <Filter>资源文件</Filter>
    </None>
    <None Include="res\Toolbar256.bmp">
      <Filter>资源文件</Filter>
    </None>
    <None Include="background.bmp">
      <Filter>资源文件</Filter>
    </None>
  </ItemGroup>
  <ItemGroup>
    <ClInclude Include="NetworkGroups.h">
      <Filter>头文件</Filter>
    </ClInclude>
    <ClInclude Include="stdafx.h">
      <Filter>头文件</Filter>
    </ClInclude>
    <ClInclude Include="targetver.h">
      <Filter>头文件</Filter>
    </ClInclude>
    <ClInclude Include="MainFrm.h">
      <Filter>头文件</Filter>
    </ClInclude>
    <ClInclude Include="ChildFrm.h">
      <Filter>头文件</Filter>
    </ClInclude>
    <ClInclude Include="Resource.h">
      <Filter>头文件</Filter>
    </ClInclude>
    <ClInclude Include="TextDocument.h">
      <Filter>头文件</Filter>
    </ClInclude>
    <ClInclude Include="TextView.h">
      <Filter>头文件</Filter>
    </ClInclude>
    <ClInclude Include="BmpDocument.h">
      <Filter>头文件</Filter>
    </ClInclude>
    <ClInclude Include="BmpView.h">
      <Filter>头文件</Filter>
    </ClInclude>
    <ClInclude Include="MemDCView.h">
      <Filter>头文件</Filter>
    </ClInclude>
    <ClInclude Include="BaseCommunities.h">
      <Filter>头文件</Filter>
    </ClInclude>
    <ClInclude Include="BaseGroup.h">
      <Filter>头文件</Filter>
    </ClInclude>
    <ClInclude Include="CommunitiesWithExpects.h">
      <Filter>头文件</Filter>
    </ClInclude>
    <ClInclude Include="GroupWithExpects.h">
      <Filter>头文件</Filter>
    </ClInclude>
    <ClInclude Include="NodeCloseInfo.h">
      <Filter>头文件</Filter>
    </ClInclude>
    <ClInclude Include="SimpleNode.h">
      <Filter>头文件</Filter>
    </ClInclude>
    <ClInclude Include="NetGroupDialog.h">
      <Filter>头文件</Filter>
    </ClInclude>
    <ClInclude Include="CommunitiesWithMaxEdges.h">
      <Filter>头文件</Filter>
    </ClInclude>
    <ClInclude Include="GroupWithMaxEdges.h">
      <Filter>头文件</Filter>
    </ClInclude>
    <ClInclude Include="NetOverLapGroupDialog.h">
      <Filter>头文件</Filter>
    </ClInclude>
    <ClInclude Include="ExtendCommunicaties.h">
      <Filter>头文件</Filter>
    </ClInclude>
    <ClInclude Include="ExtendNode.h">
      <Filter>头文件</Filter>
    </ClInclude>
    <ClInclude Include="ExtendBoundaryNode.h">
      <Filter>头文件</Filter>
    </ClInclude>
    <ClInclude Include="ConvertPairs.h">
      <Filter>头文件</Filter>
    </ClInclude>
    <ClInclude Include="AntDetect.h">
      <Filter>头文件</Filter>
    </ClInclude>
  </ItemGroup>
  <ItemGroup>
    <ClCompile Include="NetworkGroups.cpp">
      <Filter>源文件</Filter>
    </ClCompile>
    <ClCompile Include="MainFrm.cpp">
      <Filter>源文件</Filter>
    </ClCompile>
    <ClCompile Include="ChildFrm.cpp">
      <Filter>源文件</Filter>
    </ClCompile>
    <ClCompile Include="TextDocument.cpp">
      <Filter>源文件</Filter>
    </ClCompile>
    <ClCompile Include="TextView.cpp">
      <Filter>源文件</Filter>
    </ClCompile>
    <ClCompile Include="BmpDocument.cpp">
      <Filter>源文件</Filter>
    </ClCompile>
    <ClCompile Include="BmpView.cpp">
      <Filter>源文件</Filter>
    </ClCompile>
    <ClCompile Include="MemDCView.cpp">
      <Filter>源文件</Filter>
    </ClCompile>
    <ClCompile Include="stdafx.cpp">
      <Filter>源文件</Filter>
    </ClCompile>
    <ClCompile Include="BaseCommunities.cpp">
      <Filter>源文件</Filter>
    </ClCompile>
    <ClCompile Include="BaseGroup.cpp">
      <Filter>源文件</Filter>
    </ClCompile>
    <ClCompile Include="CommunitiesWithExpects.cpp">
      <Filter>源文件</Filter>
    </ClCompile>
    <ClCompile Include="GroupWithExpects.cpp">
      <Filter>源文件</Filter>
    </ClCompile>
    <ClCompile Include="NodeCloseInfo.cpp">
      <Filter>源文件</Filter>
    </ClCompile>
    <ClCompile Include="SimpleNode.cpp">
      <Filter>源文件</Filter>
    </ClCompile>
    <ClCompile Include="NetGroupDialog.cpp">
      <Filter>源文件</Filter>
    </ClCompile>
    <ClCompile Include="CommunitiesWithMaxEdges.cpp">
      <Filter>源文件</Filter>
    </ClCompile>
    <ClCompile Include="GroupWithMaxEdges.cpp">
      <Filter>源文件</Filter>
    </ClCompile>
    <ClCompile Include="NetOverLapGroupDialog.cpp">
      <Filter>源文件</Filter>
    </ClCompile>
    <ClCompile Include="ExtendCommunicaties.cpp">
      <Filter>源文件</Filter>
    </ClCompile>
    <ClCompile Include="ExtendNode.cpp">
      <Filter>源文件</Filter>
    </ClCompile>
    <ClCompile Include="ExtendBoundaryNode.cpp">
      <Filter>源文件</Filter>
    </ClCompile>
    <ClCompile Include="ConvertPairs.cpp">
      <Filter>源文件</Filter>
    </ClCompile>
    <ClCompile Include="AntDetect.cpp">
      <Filter>源文件</Filter>
    </ClCompile>
  </ItemGroup>
  <ItemGroup>
    <ResourceCompile Include="NetworkGroups.rc">
      <Filter>资源文件</Filter>
    </ResourceCompile>
  </ItemGroup>
</Project>